
Microsoft Visual Studio Solution File, Format Version 12.00
# Visual Studio Version 17
VisualStudioVersion = 17.0.31903.59
MinimumVisualStudioVersion = 10.0.40219.1
Project("{2150E333-8FDC-42A3-9474-1A3956D46DE8}") = "src", "src", "{0D9AC8A4-D4C8-4B7A-B1E4-02F8129E9018}"
EndProject
Project("{FAE04EC0-301F-11D3-BF4B-00C04F79EFBC}") = "DailyOpsBot", "src\DailyOpsBot\DailyOpsBot.csproj", "{3BE7C9C0-E4AE-4360-BDD7-DC5FFF43AFB3}"
EndProject
Global
	GlobalSection(SolutionConfigurationPlatforms) = preSolution
		Debug|Any CPU = Debug|Any CPU
		Release|Any CPU = Release|Any CPU
	EndGlobalSection
	GlobalSection(SolutionProperties) = preSolution
		HideSolutionNode = FALSE
	EndGlobalSection
	GlobalSection(ProjectConfigurationPlatforms) = postSolution
		{3BE7C9C0-E4AE-4360-BDD7-DC5FFF43AFB3}.Debug|Any CPU.ActiveCfg = Debug|Any CPU
		{3BE7C9C0-E4AE-4360-BDD7-DC5FFF43AFB3}.Debug|Any CPU.Build.0 = Debug|Any CPU
		{3BE7C9C0-E4AE-4360-BDD7-DC5FFF43AFB3}.Release|Any CPU.ActiveCfg = Release|Any CPU
		{3BE7C9C0-E4AE-4360-BDD7-DC5FFF43AFB3}.Release|Any CPU.Build.0 = Release|Any CPU
	EndGlobalSection
	GlobalSection(NestedProjects) = preSolution
		{3BE7C9C0-E4AE-4360-BDD7-DC5FFF43AFB3} = {0D9AC8A4-D4C8-4B7A-B1E4-02F8129E9018}
	EndGlobalSection
EndGlobal
